
Microsoft Visual Studio Solution File, Format Version 12.00
# Visual Studio 2015
Project("{FAE04EC0-301F-11D3-BF4B-00C04F79EFBC}") = "GlobalGameJam2016.CSharp", "GlobalGameJam2016.CSharp.csproj", "{C3CC15A2-5909-BA72-BD66-F15138511337}"
EndProject
Project("{FAE04EC0-301F-11D3-BF4B-00C04F79EFBC}") = "GlobalGameJam2016.CSharp.Editor", "GlobalGameJam2016.CSharp.Editor.csproj", "{AFA77933-1CA6-2005-626A-DE8972C30CC5}"
EndProject
Global
	GlobalSection(SolutionConfigurationPlatforms) = preSolution
		Debug|Any CPU = Debug|Any CPU
		Release|Any CPU = Release|Any CPU
	EndGlobalSection
	GlobalSection(ProjectConfigurationPlatforms) = postSolution
		{C3CC15A2-5909-BA72-BD66-F15138511337}.Debug|Any CPU.ActiveCfg = Debug|Any CPU
		{C3CC15A2-5909-BA72-BD66-F15138511337}.Debug|Any CPU.Build.0 = Debug|Any CPU
		{C3CC15A2-5909-BA72-BD66-F15138511337}.Release|Any CPU.ActiveCfg = Release|Any CPU
		{C3CC15A2-5909-BA72-BD66-F15138511337}.Release|Any CPU.Build.0 = Release|Any CPU
		{AFA77933-1CA6-2005-626A-DE8972C30CC5}.Debug|Any CPU.ActiveCfg = Debug|Any CPU
		{AFA77933-1CA6-2005-626A-DE8972C30CC5}.Debug|Any CPU.Build.0 = Debug|Any CPU
		{AFA77933-1CA6-2005-626A-DE8972C30CC5}.Release|Any CPU.ActiveCfg = Release|Any CPU
		{AFA77933-1CA6-2005-626A-DE8972C30CC5}.Release|Any CPU.Build.0 = Release|Any CPU
	EndGlobalSection
	GlobalSection(SolutionProperties) = preSolution
		HideSolutionNode = FALSE
	EndGlobalSection
EndGlobal
